
Microsoft Visual Studio Solution File, Format Version 12.00
# Visual Studio Version 17
VisualStudioVersion = 17.1.32407.343
MinimumVisualStudioVersion = 10.0.40219.1
Project("{9A19103F-16F7-4668-BE54-9A1E7A4F7556}") = "Pomocnik ToDo", "Pomocnik ToDo.csproj", "{D58428FF-6996-4BB2-9B37-B2AE2303D9FA}"
EndProject
Global
	GlobalSection(SolutionConfigurationPlatforms) = preSolution
		Debug|Any CPU = Debug|Any CPU
		Release|Any CPU = Release|Any CPU
	EndGlobalSection
	GlobalSection(ProjectConfigurationPlatforms) = postSolution
		{D58428FF-6996-4BB2-9B37-B2AE2303D9FA}.Debug|Any CPU.ActiveCfg = Debug|Any CPU
		{D58428FF-6996-4BB2-9B37-B2AE2303D9FA}.Debug|Any CPU.Build.0 = Debug|Any CPU
		{D58428FF-6996-4BB2-9B37-B2AE2303D9FA}.Release|Any CPU.ActiveCfg = Release|Any CPU
		{D58428FF-6996-4BB2-9B37-B2AE2303D9FA}.Release|Any CPU.Build.0 = Release|Any CPU
	EndGlobalSection
	GlobalSection(SolutionProperties) = preSolution
		HideSolutionNode = FALSE
	EndGlobalSection
	GlobalSection(ExtensibilityGlobals) = postSolution
		SolutionGuid = {42D9579D-82BF-4077-86F4-9C79B18B5928}
	EndGlobalSection
EndGlobal
